
Microsoft Visual Studio Solution File, Format Version 12.00
# Visual Studio 15
VisualStudioVersion = 15.0.27703.2026
MinimumVisualStudioVersion = 10.0.40219.1
Project("{FAE04EC0-301F-11D3-BF4B-00C04F79EFBC}") = "Presentation", "Presentation\Presentation.csproj", "{5EFE8452-2990-4312-89DF-72C7151C998E}"
EndProject
Global
	GlobalSection(SolutionConfigurationPlatforms) = preSolution
		Debug|Any CPU = Debug|Any CPU
		Release|Any CPU = Release|Any CPU
	EndGlobalSection
	GlobalSection(ProjectConfigurationPlatforms) = postSolution
		{5EFE8452-2990-4312-89DF-72C7151C998E}.Debug|Any CPU.ActiveCfg = Debug|Any CPU
		{5EFE8452-2990-4312-89DF-72C7151C998E}.Debug|Any CPU.Build.0 = Debug|Any CPU
		{5EFE8452-2990-4312-89DF-72C7151C998E}.Release|Any CPU.ActiveCfg = Release|Any CPU
		{5EFE8452-2990-4312-89DF-72C7151C998E}.Release|Any CPU.Build.0 = Release|Any CPU
	EndGlobalSection
	GlobalSection(SolutionProperties) = preSolution
		HideSolutionNode = FALSE
	EndGlobalSection
	GlobalSection(ExtensibilityGlobals) = postSolution
		SolutionGuid = {BC96AC48-6080-478A-A66E-59DAEF8A0D4C}
	EndGlobalSection
EndGlobal
